
Microsoft Visual Studio Solution File, Format Version 12.00
# Visual Studio 2012
Project("{FAE04EC0-301F-11D3-BF4B-00C04F79EFBC}") = "Earthworm", "Earthworm\Earthworm.csproj", "{839AA4BD-E9E9-42E8-8FF0-1AC1E589DE14}"
EndProject
Project("{FAE04EC0-301F-11D3-BF4B-00C04F79EFBC}") = "EarthwormUI", "EarthwormUI\EarthwormUI.csproj", "{F4C60ABB-12F8-4EB6-A1BF-F00FBA5F6BC6}"
EndProject
Global
	GlobalSection(SolutionConfigurationPlatforms) = preSolution
		Debug|Any CPU = Debug|Any CPU
		Release|Any CPU = Release|Any CPU
	EndGlobalSection
	GlobalSection(ProjectConfigurationPlatforms) = postSolution
		{839AA4BD-E9E9-42E8-8FF0-1AC1E589DE14}.Debug|Any CPU.ActiveCfg = Debug|Any CPU
		{839AA4BD-E9E9-42E8-8FF0-1AC1E589DE14}.Debug|Any CPU.Build.0 = Debug|Any CPU
		{839AA4BD-E9E9-42E8-8FF0-1AC1E589DE14}.Release|Any CPU.ActiveCfg = Release|Any CPU
		{839AA4BD-E9E9-42E8-8FF0-1AC1E589DE14}.Release|Any CPU.Build.0 = Release|Any CPU
		{F4C60ABB-12F8-4EB6-A1BF-F00FBA5F6BC6}.Debug|Any CPU.ActiveCfg = Debug|Any CPU
		{F4C60ABB-12F8-4EB6-A1BF-F00FBA5F6BC6}.Debug|Any CPU.Build.0 = Debug|Any CPU
		{F4C60ABB-12F8-4EB6-A1BF-F00FBA5F6BC6}.Release|Any CPU.ActiveCfg = Release|Any CPU
		{F4C60ABB-12F8-4EB6-A1BF-F00FBA5F6BC6}.Release|Any CPU.Build.0 = Release|Any CPU
	EndGlobalSection
	GlobalSection(SolutionProperties) = preSolution
		HideSolutionNode = FALSE
	EndGlobalSection
EndGlobal
